{
  "name": "SIK",
  "lockfileVersion": 3,
  "requires": true,
  "packages": {
    "": {
      "dependencies": {
        "@hono/node-server": "^1.19.5",
        "hono": "^4.9.12"
      }
    },
    "node_modules/@hono/node-server": {
      "version": "1.19.5",
      "resolved": "https://registry.npmjs.org/@hono/node-server/-/node-server-1.19.5.tgz",
      "integrity": "sha512-iBuhh+uaaggeAuf+TftcjZyWh2GEgZcVGXkNtskLVoWaXhnJtC5HLHrU8W1KHDoucqO1MswwglmkWLFyiDn4WQ==",
      "license": "MIT",
      "engines": {
        "node": ">=18.14.1"
      },
      "peerDependencies": {
        "hono": "^4"
      }
    },
    "node_modules/hono": {
      "version": "4.9.12",
      "resolved": "https://registry.npmjs.org/hono/-/hono-4.9.12.tgz",
      "integrity": "sha512-SrTC0YxqPwnN7yKa8gg/giLyQ2pILCKoideIHbYbFQlWZjYt68D2A4Ae1hehO/aDQ6RmTcpqOV/O2yBtMzx/VQ==",
      "license": "MIT",
      "engines": {
        "node": ">=16.9.0"
      }
    }
  }
}
